
Microsoft Visual Studio Solution File, Format Version 12.00
# Visual Studio Version 16
VisualStudioVersion = 16.0.35425.106
MinimumVisualStudioVersion = 10.0.40219.1
Project("{FAE04EC0-301F-11D3-BF4B-00C04F79EFBC}") = "ATM SQL test", "ATM SQL test\ATM SQL test.csproj", "{598402AD-99DE-48B6-BA36-96A842C4760D}"
EndProject
Global
	GlobalSection(SolutionConfigurationPlatforms) = preSolution
		Debug|Any CPU = Debug|Any CPU
		Release|Any CPU = Release|Any CPU
	EndGlobalSection
	GlobalSection(ProjectConfigurationPlatforms) = postSolution
		{598402AD-99DE-48B6-BA36-96A842C4760D}.Debug|Any CPU.ActiveCfg = Debug|Any CPU
		{598402AD-99DE-48B6-BA36-96A842C4760D}.Debug|Any CPU.Build.0 = Debug|Any CPU
		{598402AD-99DE-48B6-BA36-96A842C4760D}.Release|Any CPU.ActiveCfg = Release|Any CPU
		{598402AD-99DE-48B6-BA36-96A842C4760D}.Release|Any CPU.Build.0 = Release|Any CPU
	EndGlobalSection
	GlobalSection(SolutionProperties) = preSolution
		HideSolutionNode = FALSE
	EndGlobalSection
	GlobalSection(ExtensibilityGlobals) = postSolution
		SolutionGuid = {0AB57D79-95B4-4EEE-B986-707BCB42F7A5}
	EndGlobalSection
EndGlobal
